
Microsoft Visual Studio Solution File, Format Version 12.00
# Visual Studio 15
VisualStudioVersion = 15.0.26430.13
MinimumVisualStudioVersion = 10.0.40219.1
Project("{FAE04EC0-301F-11D3-BF4B-00C04F79EFBC}") = "PictureShow", "PictureShow\PictureShow.csproj", "{BEF99783-28A4-4A4A-AC26-471F4EF15297}"
EndProject
Project("{54435603-DBB4-11D2-8724-00A0C9A8B90C}") = "PicturesShow", "PicturesShow\PicturesShow.vdproj", "{C9D85A67-70D4-44A7-97B0-947BD1A9DB69}"
EndProject
Global
	GlobalSection(SolutionConfigurationPlatforms) = preSolution
		Debug|Any CPU = Debug|Any CPU
		Release|Any CPU = Release|Any CPU
	EndGlobalSection
	GlobalSection(ProjectConfigurationPlatforms) = postSolution
		{BEF99783-28A4-4A4A-AC26-471F4EF15297}.Debug|Any CPU.ActiveCfg = Debug|Any CPU
		{BEF99783-28A4-4A4A-AC26-471F4EF15297}.Debug|Any CPU.Build.0 = Debug|Any CPU
		{BEF99783-28A4-4A4A-AC26-471F4EF15297}.Release|Any CPU.ActiveCfg = Release|Any CPU
		{BEF99783-28A4-4A4A-AC26-471F4EF15297}.Release|Any CPU.Build.0 = Release|Any CPU
		{C9D85A67-70D4-44A7-97B0-947BD1A9DB69}.Debug|Any CPU.ActiveCfg = Debug
		{C9D85A67-70D4-44A7-97B0-947BD1A9DB69}.Release|Any CPU.ActiveCfg = Release
	EndGlobalSection
	GlobalSection(SolutionProperties) = preSolution
		HideSolutionNode = FALSE
	EndGlobalSection
EndGlobal
